
Microsoft Visual Studio Solution File, Format Version 12.00
# Visual Studio 2013
VisualStudioVersion = 12.0.40629.0
MinimumVisualStudioVersion = 10.0.40219.1
Project("{FAE04EC0-301F-11D3-BF4B-00C04F79EFBC}") = "SelfHostedRestService", "SelfHostedRestService\SelfHostedRestService.csproj", "{9F25FF64-90E7-4749-9252-4BBD23A18847}"
EndProject
Project("{2150E333-8FDC-42A3-9474-1A3956D46DE8}") = ".nuget", ".nuget", "{C6078F14-ED6F-4D13-BB61-71D86308E957}"
	ProjectSection(SolutionItems) = preProject
		.nuget\NuGet.Config = .nuget\NuGet.Config
		.nuget\NuGet.exe = .nuget\NuGet.exe
		.nuget\NuGet.targets = .nuget\NuGet.targets
	EndProjectSection
EndProject
Project("{FAE04EC0-301F-11D3-BF4B-00C04F79EFBC}") = "AliasGameBL", "AliasGameBL\AliasGameBL.csproj", "{E99745CD-95FF-4AEE-99D3-B4DEC00787C6}"
EndProject
Project("{FAE04EC0-301F-11D3-BF4B-00C04F79EFBC}") = "AliasGameBL.UnitTests", "AliasGameBL.UnitTests\AliasGameBL.UnitTests.csproj", "{DFD599E9-3D5D-424C-888B-8FFC9AC2E735}"
EndProject
Project("{FAE04EC0-301F-11D3-BF4B-00C04F79EFBC}") = "WebApp", "WebApp\WebApp.csproj", "{C9390D7D-C6B3-4F87-8CEE-3BF96DB968E6}"
EndProject
Global
	GlobalSection(SolutionConfigurationPlatforms) = preSolution
		Debug|Android = Debug|Android
		Debug|Any CPU = Debug|Any CPU
		Debug|iOS = Debug|iOS
		Debug|Mixed Platforms = Debug|Mixed Platforms
		Debug|Windows Phone (Universal) = Debug|Windows Phone (Universal)
		Debug|Windows Phone 8 = Debug|Windows Phone 8
		Debug|Windows-AnyCPU = Debug|Windows-AnyCPU
		Debug|Windows-ARM = Debug|Windows-ARM
		Debug|Windows-x64 = Debug|Windows-x64
		Debug|Windows-x86 = Debug|Windows-x86
		Release|Android = Release|Android
		Release|Any CPU = Release|Any CPU
		Release|iOS = Release|iOS
		Release|Mixed Platforms = Release|Mixed Platforms
		Release|Windows Phone (Universal) = Release|Windows Phone (Universal)
		Release|Windows Phone 8 = Release|Windows Phone 8
		Release|Windows-AnyCPU = Release|Windows-AnyCPU
		Release|Windows-ARM = Release|Windows-ARM
		Release|Windows-x64 = Release|Windows-x64
		Release|Windows-x86 = Release|Windows-x86
	EndGlobalSection
	GlobalSection(ProjectConfigurationPlatforms) = postSolution
		{9F25FF64-90E7-4749-9252-4BBD23A18847}.Debug|Android.ActiveCfg = Debug|Any CPU
		{9F25FF64-90E7-4749-9252-4BBD23A18847}.Debug|Android.Build.0 = Debug|Any CPU
		{9F25FF64-90E7-4749-9252-4BBD23A18847}.Debug|Any CPU.ActiveCfg = Debug|Any CPU
		{9F25FF64-90E7-4749-9252-4BBD23A18847}.Debug|Any CPU.Build.0 = Debug|Any CPU
		{9F25FF64-90E7-4749-9252-4BBD23A18847}.Debug|iOS.ActiveCfg = Debug|Any CPU
		{9F25FF64-90E7-4749-9252-4BBD23A18847}.Debug|iOS.Build.0 = Debug|Any CPU
		{9F25FF64-90E7-4749-9252-4BBD23A18847}.Debug|Mixed Platforms.ActiveCfg = Debug|Any CPU
		{9F25FF64-90E7-4749-9252-4BBD23A18847}.Debug|Mixed Platforms.Build.0 = Debug|Any CPU
		{9F25FF64-90E7-4749-9252-4BBD23A18847}.Debug|Windows Phone (Universal).ActiveCfg = Debug|Any CPU
		{9F25FF64-90E7-4749-9252-4BBD23A18847}.Debug|Windows Phone (Universal).Build.0 = Debug|Any CPU
		{9F25FF64-90E7-4749-9252-4BBD23A18847}.Debug|Windows Phone 8.ActiveCfg = Debug|Any CPU
		{9F25FF64-90E7-4749-9252-4BBD23A18847}.Debug|Windows Phone 8.Build.0 = Debug|Any CPU
		{9F25FF64-90E7-4749-9252-4BBD23A18847}.Debug|Windows-AnyCPU.ActiveCfg = Debug|Any CPU
		{9F25FF64-90E7-4749-9252-4BBD23A18847}.Debug|Windows-AnyCPU.Build.0 = Debug|Any CPU
		{9F25FF64-90E7-4749-9252-4BBD23A18847}.Debug|Windows-ARM.ActiveCfg = Debug|Any CPU
		{9F25FF64-90E7-4749-9252-4BBD23A18847}.Debug|Windows-ARM.Build.0 = Debug|Any CPU
		{9F25FF64-90E7-4749-9252-4BBD23A18847}.Debug|Windows-x64.ActiveCfg = Debug|Any CPU
		{9F25FF64-90E7-4749-9252-4BBD23A18847}.Debug|Windows-x64.Build.0 = Debug|Any CPU
		{9F25FF64-90E7-4749-9252-4BBD23A18847}.Debug|Windows-x86.ActiveCfg = Debug|Any CPU
		{9F25FF64-90E7-4749-9252-4BBD23A18847}.Debug|Windows-x86.Build.0 = Debug|Any CPU
		{9F25FF64-90E7-4749-9252-4BBD23A18847}.Release|Android.ActiveCfg = Release|Any CPU
		{9F25FF64-90E7-4749-9252-4BBD23A18847}.Release|Android.Build.0 = Release|Any CPU
		{9F25FF64-90E7-4749-9252-4BBD23A18847}.Release|Any CPU.ActiveCfg = Release|Any CPU
		{9F25FF64-90E7-4749-9252-4BBD23A18847}.Release|Any CPU.Build.0 = Release|Any CPU
		{9F25FF64-90E7-4749-9252-4BBD23A18847}.Release|iOS.ActiveCfg = Release|Any CPU
		{9F25FF64-90E7-4749-9252-4BBD23A18847}.Release|iOS.Build.0 = Release|Any CPU
		{9F25FF64-90E7-4749-9252-4BBD23A18847}.Release|Mixed Platforms.ActiveCfg = Release|Any CPU
		{9F25FF64-90E7-4749-9252-4BBD23A18847}.Release|Mixed Platforms.Build.0 = Release|Any CPU
		{9F25FF64-90E7-4749-9252-4BBD23A18847}.Release|Windows Phone (Universal).ActiveCfg = Release|Any CPU
		{9F25FF64-90E7-4749-9252-4BBD23A18847}.Release|Windows Phone (Universal).Build.0 = Release|Any CPU
		{9F25FF64-90E7-4749-9252-4BBD23A18847}.Release|Windows Phone 8.ActiveCfg = Release|Any CPU
		{9F25FF64-90E7-4749-9252-4BBD23A18847}.Release|Windows Phone 8.Build.0 = Release|Any CPU
		{9F25FF64-90E7-4749-9252-4BBD23A18847}.Release|Windows-AnyCPU.ActiveCfg = Release|Any CPU
		{9F25FF64-90E7-4749-9252-4BBD23A18847}.Release|Windows-AnyCPU.Build.0 = Release|Any CPU
		{9F25FF64-90E7-4749-9252-4BBD23A18847}.Release|Windows-ARM.ActiveCfg = Release|Any CPU
		{9F25FF64-90E7-4749-9252-4BBD23A18847}.Release|Windows-ARM.Build.0 = Release|Any CPU
		{9F25FF64-90E7-4749-9252-4BBD23A18847}.Release|Windows-x64.ActiveCfg = Release|Any CPU
		{9F25FF64-90E7-4749-9252-4BBD23A18847}.Release|Windows-x64.Build.0 = Release|Any CPU
		{9F25FF64-90E7-4749-9252-4BBD23A18847}.Release|Windows-x86.ActiveCfg = Release|Any CPU
		{9F25FF64-90E7-4749-9252-4BBD23A18847}.Release|Windows-x86.Build.0 = Release|Any CPU
		{E99745CD-95FF-4AEE-99D3-B4DEC00787C6}.Debug|Android.ActiveCfg = Debug|Any CPU
		{E99745CD-95FF-4AEE-99D3-B4DEC00787C6}.Debug|Any CPU.ActiveCfg = Debug|Any CPU
		{E99745CD-95FF-4AEE-99D3-B4DEC00787C6}.Debug|Any CPU.Build.0 = Debug|Any CPU
		{E99745CD-95FF-4AEE-99D3-B4DEC00787C6}.Debug|iOS.ActiveCfg = Debug|Any CPU
		{E99745CD-95FF-4AEE-99D3-B4DEC00787C6}.Debug|Mixed Platforms.ActiveCfg = Debug|Any CPU
		{E99745CD-95FF-4AEE-99D3-B4DEC00787C6}.Debug|Mixed Platforms.Build.0 = Debug|Any CPU
		{E99745CD-95FF-4AEE-99D3-B4DEC00787C6}.Debug|Windows Phone (Universal).ActiveCfg = Debug|Any CPU
		{E99745CD-95FF-4AEE-99D3-B4DEC00787C6}.Debug|Windows Phone 8.ActiveCfg = Debug|Any CPU
		{E99745CD-95FF-4AEE-99D3-B4DEC00787C6}.Debug|Windows-AnyCPU.ActiveCfg = Debug|Any CPU
		{E99745CD-95FF-4AEE-99D3-B4DEC00787C6}.Debug|Windows-ARM.ActiveCfg = Debug|Any CPU
		{E99745CD-95FF-4AEE-99D3-B4DEC00787C6}.Debug|Windows-x64.ActiveCfg = Debug|Any CPU
		{E99745CD-95FF-4AEE-99D3-B4DEC00787C6}.Debug|Windows-x86.ActiveCfg = Debug|Any CPU
		{E99745CD-95FF-4AEE-99D3-B4DEC00787C6}.Release|Android.ActiveCfg = Release|Any CPU
		{E99745CD-95FF-4AEE-99D3-B4DEC00787C6}.Release|Any CPU.ActiveCfg = Release|Any CPU
		{E99745CD-95FF-4AEE-99D3-B4DEC00787C6}.Release|Any CPU.Build.0 = Release|Any CPU
		{E99745CD-95FF-4AEE-99D3-B4DEC00787C6}.Release|iOS.ActiveCfg = Release|Any CPU
		{E99745CD-95FF-4AEE-99D3-B4DEC00787C6}.Release|Mixed Platforms.ActiveCfg = Release|Any CPU
		{E99745CD-95FF-4AEE-99D3-B4DEC00787C6}.Release|Mixed Platforms.Build.0 = Release|Any CPU
		{E99745CD-95FF-4AEE-99D3-B4DEC00787C6}.Release|Windows Phone (Universal).ActiveCfg = Release|Any CPU
		{E99745CD-95FF-4AEE-99D3-B4DEC00787C6}.Release|Windows Phone 8.ActiveCfg = Release|Any CPU
		{E99745CD-95FF-4AEE-99D3-B4DEC00787C6}.Release|Windows-AnyCPU.ActiveCfg = Release|Any CPU
		{E99745CD-95FF-4AEE-99D3-B4DEC00787C6}.Release|Windows-ARM.ActiveCfg = Release|Any CPU
		{E99745CD-95FF-4AEE-99D3-B4DEC00787C6}.Release|Windows-x64.ActiveCfg = Release|Any CPU
		{E99745CD-95FF-4AEE-99D3-B4DEC00787C6}.Release|Windows-x86.ActiveCfg = Release|Any CPU
		{DFD599E9-3D5D-424C-888B-8FFC9AC2E735}.Debug|Android.ActiveCfg = Debug|Any CPU
		{DFD599E9-3D5D-424C-888B-8FFC9AC2E735}.Debug|Any CPU.ActiveCfg = Debug|Any CPU
		{DFD599E9-3D5D-424C-888B-8FFC9AC2E735}.Debug|Any CPU.Build.0 = Debug|Any CPU
		{DFD599E9-3D5D-424C-888B-8FFC9AC2E735}.Debug|iOS.ActiveCfg = Debug|Any CPU
		{DFD599E9-3D5D-424C-888B-8FFC9AC2E735}.Debug|Mixed Platforms.ActiveCfg = Debug|Any CPU
		{DFD599E9-3D5D-424C-888B-8FFC9AC2E735}.Debug|Mixed Platforms.Build.0 = Debug|Any CPU
		{DFD599E9-3D5D-424C-888B-8FFC9AC2E735}.Debug|Windows Phone (Universal).ActiveCfg = Debug|Any CPU
		{DFD599E9-3D5D-424C-888B-8FFC9AC2E735}.Debug|Windows Phone 8.ActiveCfg = Debug|Any CPU
		{DFD599E9-3D5D-424C-888B-8FFC9AC2E735}.Debug|Windows-AnyCPU.ActiveCfg = Debug|Any CPU
		{DFD599E9-3D5D-424C-888B-8FFC9AC2E735}.Debug|Windows-ARM.ActiveCfg = Debug|Any CPU
		{DFD599E9-3D5D-424C-888B-8FFC9AC2E735}.Debug|Windows-x64.ActiveCfg = Debug|Any CPU
		{DFD599E9-3D5D-424C-888B-8FFC9AC2E735}.Debug|Windows-x86.ActiveCfg = Debug|Any CPU
		{DFD599E9-3D5D-424C-888B-8FFC9AC2E735}.Release|Android.ActiveCfg = Release|Any CPU
		{DFD599E9-3D5D-424C-888B-8FFC9AC2E735}.Release|Any CPU.ActiveCfg = Release|Any CPU
		{DFD599E9-3D5D-424C-888B-8FFC9AC2E735}.Release|Any CPU.Build.0 = Release|Any CPU
		{DFD599E9-3D5D-424C-888B-8FFC9AC2E735}.Release|iOS.ActiveCfg = Release|Any CPU
		{DFD599E9-3D5D-424C-888B-8FFC9AC2E735}.Release|Mixed Platforms.ActiveCfg = Release|Any CPU
		{DFD599E9-3D5D-424C-888B-8FFC9AC2E735}.Release|Mixed Platforms.Build.0 = Release|Any CPU
		{DFD599E9-3D5D-424C-888B-8FFC9AC2E735}.Release|Windows Phone (Universal).ActiveCfg = Release|Any CPU
		{DFD599E9-3D5D-424C-888B-8FFC9AC2E735}.Release|Windows Phone 8.ActiveCfg = Release|Any CPU
		{DFD599E9-3D5D-424C-888B-8FFC9AC2E735}.Release|Windows-AnyCPU.ActiveCfg = Release|Any CPU
		{DFD599E9-3D5D-424C-888B-8FFC9AC2E735}.Release|Windows-ARM.ActiveCfg = Release|Any CPU
		{DFD599E9-3D5D-424C-888B-8FFC9AC2E735}.Release|Windows-x64.ActiveCfg = Release|Any CPU
		{DFD599E9-3D5D-424C-888B-8FFC9AC2E735}.Release|Windows-x86.ActiveCfg = Release|Any CPU
		{C9390D7D-C6B3-4F87-8CEE-3BF96DB968E6}.Debug|Android.ActiveCfg = Debug|Any CPU
		{C9390D7D-C6B3-4F87-8CEE-3BF96DB968E6}.Debug|Any CPU.ActiveCfg = Debug|Any CPU
		{C9390D7D-C6B3-4F87-8CEE-3BF96DB968E6}.Debug|Any CPU.Build.0 = Debug|Any CPU
		{C9390D7D-C6B3-4F87-8CEE-3BF96DB968E6}.Debug|iOS.ActiveCfg = Debug|Any CPU
		{C9390D7D-C6B3-4F87-8CEE-3BF96DB968E6}.Debug|Mixed Platforms.ActiveCfg = Debug|Any CPU
		{C9390D7D-C6B3-4F87-8CEE-3BF96DB968E6}.Debug|Mixed Platforms.Build.0 = Debug|Any CPU
		{C9390D7D-C6B3-4F87-8CEE-3BF96DB968E6}.Debug|Windows Phone (Universal).ActiveCfg = Debug|Any CPU
		{C9390D7D-C6B3-4F87-8CEE-3BF96DB968E6}.Debug|Windows Phone 8.ActiveCfg = Debug|Any CPU
		{C9390D7D-C6B3-4F87-8CEE-3BF96DB968E6}.Debug|Windows-AnyCPU.ActiveCfg = Debug|Any CPU
		{C9390D7D-C6B3-4F87-8CEE-3BF96DB968E6}.Debug|Windows-ARM.ActiveCfg = Debug|Any CPU
		{C9390D7D-C6B3-4F87-8CEE-3BF96DB968E6}.Debug|Windows-x64.ActiveCfg = Debug|Any CPU
		{C9390D7D-C6B3-4F87-8CEE-3BF96DB968E6}.Debug|Windows-x86.ActiveCfg = Debug|Any CPU
		{C9390D7D-C6B3-4F87-8CEE-3BF96DB968E6}.Release|Android.ActiveCfg = Release|Any CPU
		{C9390D7D-C6B3-4F87-8CEE-3BF96DB968E6}.Release|Any CPU.ActiveCfg = Release|Any CPU
		{C9390D7D-C6B3-4F87-8CEE-3BF96DB968E6}.Release|Any CPU.Build.0 = Release|Any CPU
		{C9390D7D-C6B3-4F87-8CEE-3BF96DB968E6}.Release|iOS.ActiveCfg = Release|Any CPU
		{C9390D7D-C6B3-4F87-8CEE-3BF96DB968E6}.Release|Mixed Platforms.ActiveCfg = Release|Any CPU
		{C9390D7D-C6B3-4F87-8CEE-3BF96DB968E6}.Release|Mixed Platforms.Build.0 = Release|Any CPU
		{C9390D7D-C6B3-4F87-8CEE-3BF96DB968E6}.Release|Windows Phone (Universal).ActiveCfg = Release|Any CPU
		{C9390D7D-C6B3-4F87-8CEE-3BF96DB968E6}.Release|Windows Phone 8.ActiveCfg = Release|Any CPU
		{C9390D7D-C6B3-4F87-8CEE-3BF96DB968E6}.Release|Windows-AnyCPU.ActiveCfg = Release|Any CPU
		{C9390D7D-C6B3-4F87-8CEE-3BF96DB968E6}.Release|Windows-ARM.ActiveCfg = Release|Any CPU
		{C9390D7D-C6B3-4F87-8CEE-3BF96DB968E6}.Release|Windows-x64.ActiveCfg = Release|Any CPU
		{C9390D7D-C6B3-4F87-8CEE-3BF96DB968E6}.Release|Windows-x86.ActiveCfg = Release|Any CPU
	EndGlobalSection
	GlobalSection(SolutionProperties) = preSolution
		HideSolutionNode = FALSE
	EndGlobalSection
EndGlobal
