
Microsoft Visual Studio Solution File, Format Version 12.00
# Visual Studio 2012
Project("{FAE04EC0-301F-11D3-BF4B-00C04F79EFBC}") = "RestService", "RestService\RestService.csproj", "{B900A2FB-B35D-4E0D-86A0-DE58292C5B03}"
EndProject
Global
	GlobalSection(SolutionConfigurationPlatforms) = preSolution
		Debug|Any CPU = Debug|Any CPU
		Release|Any CPU = Release|Any CPU
	EndGlobalSection
	GlobalSection(ProjectConfigurationPlatforms) = postSolution
		{B900A2FB-B35D-4E0D-86A0-DE58292C5B03}.Debug|Any CPU.ActiveCfg = Debug|Any CPU
		{B900A2FB-B35D-4E0D-86A0-DE58292C5B03}.Debug|Any CPU.Build.0 = Debug|Any CPU
		{B900A2FB-B35D-4E0D-86A0-DE58292C5B03}.Release|Any CPU.ActiveCfg = Release|Any CPU
		{B900A2FB-B35D-4E0D-86A0-DE58292C5B03}.Release|Any CPU.Build.0 = Release|Any CPU
	EndGlobalSection
	GlobalSection(SolutionProperties) = preSolution
		HideSolutionNode = FALSE
	EndGlobalSection
EndGlobal
